
Microsoft Visual Studio Solution File, Format Version 12.00
# Visual Studio 15
VisualStudioVersion = 15.0.26430.4
MinimumVisualStudioVersion = 10.0.40219.1
Project("{FAE04EC0-301F-11D3-BF4B-00C04F79EFBC}") = "SiaNet", "SiaNet\SiaNet.csproj", "{FE7BC641-ED87-493E-A8FE-89C2069DDF1D}"
EndProject
Project("{FAE04EC0-301F-11D3-BF4B-00C04F79EFBC}") = "SiaNet.CPUOnly", "SiaNet.CPUOnly\SiaNet.CPUOnly.csproj", "{ECBDDE28-2569-4019-B65E-F9541BF46C07}"
EndProject
Project("{FAE04EC0-301F-11D3-BF4B-00C04F79EFBC}") = "SiaNet.Examples", "SieNet.Examples\SiaNet.Examples.csproj", "{67E77F14-101D-433E-A9A0-38CB8C00406C}"
EndProject
Project("{FAE04EC0-301F-11D3-BF4B-00C04F79EFBC}") = "SiaNet.Examples.CPUOnly", "SieNet.Examples.CPUOnly\SiaNet.Examples.CPUOnly.csproj", "{204D9242-D64B-4BDA-A77A-6B8AFD8A550E}"
EndProject
Project("{FAE04EC0-301F-11D3-BF4B-00C04F79EFBC}") = "SiaNet.Common", "SiaNet.Common\SiaNet.Common.csproj", "{32ED27D4-AC7A-4011-B399-D2EA42E282C7}"
EndProject
Global
	GlobalSection(SolutionConfigurationPlatforms) = preSolution
		Debug|Any CPU = Debug|Any CPU
		Debug|x64 = Debug|x64
		Release|Any CPU = Release|Any CPU
		Release|x64 = Release|x64
	EndGlobalSection
	GlobalSection(ProjectConfigurationPlatforms) = postSolution
		{FE7BC641-ED87-493E-A8FE-89C2069DDF1D}.Debug|Any CPU.ActiveCfg = Debug|Any CPU
		{FE7BC641-ED87-493E-A8FE-89C2069DDF1D}.Debug|Any CPU.Build.0 = Debug|Any CPU
		{FE7BC641-ED87-493E-A8FE-89C2069DDF1D}.Debug|x64.ActiveCfg = Debug|x64
		{FE7BC641-ED87-493E-A8FE-89C2069DDF1D}.Debug|x64.Build.0 = Debug|x64
		{FE7BC641-ED87-493E-A8FE-89C2069DDF1D}.Release|Any CPU.ActiveCfg = Release|Any CPU
		{FE7BC641-ED87-493E-A8FE-89C2069DDF1D}.Release|Any CPU.Build.0 = Release|Any CPU
		{FE7BC641-ED87-493E-A8FE-89C2069DDF1D}.Release|x64.ActiveCfg = Release|x64
		{FE7BC641-ED87-493E-A8FE-89C2069DDF1D}.Release|x64.Build.0 = Release|x64
		{ECBDDE28-2569-4019-B65E-F9541BF46C07}.Debug|Any CPU.ActiveCfg = Debug|Any CPU
		{ECBDDE28-2569-4019-B65E-F9541BF46C07}.Debug|Any CPU.Build.0 = Debug|Any CPU
		{ECBDDE28-2569-4019-B65E-F9541BF46C07}.Debug|x64.ActiveCfg = Debug|x64
		{ECBDDE28-2569-4019-B65E-F9541BF46C07}.Debug|x64.Build.0 = Debug|x64
		{ECBDDE28-2569-4019-B65E-F9541BF46C07}.Release|Any CPU.ActiveCfg = Release|Any CPU
		{ECBDDE28-2569-4019-B65E-F9541BF46C07}.Release|Any CPU.Build.0 = Release|Any CPU
		{ECBDDE28-2569-4019-B65E-F9541BF46C07}.Release|x64.ActiveCfg = Release|Any CPU
		{ECBDDE28-2569-4019-B65E-F9541BF46C07}.Release|x64.Build.0 = Release|Any CPU
		{67E77F14-101D-433E-A9A0-38CB8C00406C}.Debug|Any CPU.ActiveCfg = Debug|Any CPU
		{67E77F14-101D-433E-A9A0-38CB8C00406C}.Debug|Any CPU.Build.0 = Debug|Any CPU
		{67E77F14-101D-433E-A9A0-38CB8C00406C}.Debug|x64.ActiveCfg = Debug|x64
		{67E77F14-101D-433E-A9A0-38CB8C00406C}.Debug|x64.Build.0 = Debug|x64
		{67E77F14-101D-433E-A9A0-38CB8C00406C}.Release|Any CPU.ActiveCfg = Release|Any CPU
		{67E77F14-101D-433E-A9A0-38CB8C00406C}.Release|Any CPU.Build.0 = Release|Any CPU
		{67E77F14-101D-433E-A9A0-38CB8C00406C}.Release|x64.ActiveCfg = Release|x64
		{67E77F14-101D-433E-A9A0-38CB8C00406C}.Release|x64.Build.0 = Release|x64
		{204D9242-D64B-4BDA-A77A-6B8AFD8A550E}.Debug|Any CPU.ActiveCfg = Debug|Any CPU
		{204D9242-D64B-4BDA-A77A-6B8AFD8A550E}.Debug|Any CPU.Build.0 = Debug|Any CPU
		{204D9242-D64B-4BDA-A77A-6B8AFD8A550E}.Debug|x64.ActiveCfg = Debug|x64
		{204D9242-D64B-4BDA-A77A-6B8AFD8A550E}.Debug|x64.Build.0 = Debug|x64
		{204D9242-D64B-4BDA-A77A-6B8AFD8A550E}.Release|Any CPU.ActiveCfg = Release|Any CPU
		{204D9242-D64B-4BDA-A77A-6B8AFD8A550E}.Release|Any CPU.Build.0 = Release|Any CPU
		{204D9242-D64B-4BDA-A77A-6B8AFD8A550E}.Release|x64.ActiveCfg = Release|Any CPU
		{204D9242-D64B-4BDA-A77A-6B8AFD8A550E}.Release|x64.Build.0 = Release|Any CPU
		{32ED27D4-AC7A-4011-B399-D2EA42E282C7}.Debug|Any CPU.ActiveCfg = Debug|Any CPU
		{32ED27D4-AC7A-4011-B399-D2EA42E282C7}.Debug|Any CPU.Build.0 = Debug|Any CPU
		{32ED27D4-AC7A-4011-B399-D2EA42E282C7}.Debug|x64.ActiveCfg = Debug|x64
		{32ED27D4-AC7A-4011-B399-D2EA42E282C7}.Debug|x64.Build.0 = Debug|x64
		{32ED27D4-AC7A-4011-B399-D2EA42E282C7}.Release|Any CPU.ActiveCfg = Release|Any CPU
		{32ED27D4-AC7A-4011-B399-D2EA42E282C7}.Release|Any CPU.Build.0 = Release|Any CPU
		{32ED27D4-AC7A-4011-B399-D2EA42E282C7}.Release|x64.ActiveCfg = Release|Any CPU
		{32ED27D4-AC7A-4011-B399-D2EA42E282C7}.Release|x64.Build.0 = Release|Any CPU
	EndGlobalSection
	GlobalSection(SolutionProperties) = preSolution
		HideSolutionNode = FALSE
	EndGlobalSection
	GlobalSection(ExtensibilityGlobals) = postSolution
		SolutionGuid = {25B80A87-CC21-487E-8D41-26F40D73695F}
	EndGlobalSection
EndGlobal
