
Microsoft Visual Studio Solution File, Format Version 12.00
# Visual Studio 15
VisualStudioVersion = 15.0.27703.2018
MinimumVisualStudioVersion = 10.0.40219.1
Project("{9A19103F-16F7-4668-BE54-9A1E7A4F7556}") = "SiaNet", "SiaNet\SiaNet.csproj", "{EE93DB2A-938F-461E-ADE9-6188D5DCF834}"
EndProject
Project("{2150E333-8FDC-42A3-9474-1A3956D46DE8}") = "Backends", "Backends", "{4C6F0825-E151-44F4-9BB5-01BCAF886663}"
EndProject
Project("{9A19103F-16F7-4668-BE54-9A1E7A4F7556}") = "SiaNet.Backend.ArrayFire", "Backends\SiaNet.Backend.ArrayFire\SiaNet.Backend.ArrayFire.csproj", "{7ECF0701-1257-436E-A76B-01ACCF3B05AA}"
EndProject
Project("{9A19103F-16F7-4668-BE54-9A1E7A4F7556}") = "SiaNet.Engine", "SiaNet.Engine\SiaNet.Engine.csproj", "{31409A5F-8E3A-4998-81D6-D078F44EB230}"
EndProject
Project("{9A19103F-16F7-4668-BE54-9A1E7A4F7556}") = "SiaNet.Backend.TensorSharp", "Backends\SiaNet.Backend.TensorSharp\SiaNet.Backend.TensorSharp.csproj", "{D1FEC946-FEC6-44FF-8087-5DA888344489}"
EndProject
Project("{2150E333-8FDC-42A3-9474-1A3956D46DE8}") = "Library", "Library", "{7613D158-F93E-4912-B3D7-1D5C9B924979}"
EndProject
Project("{8BC9CEB8-8B4A-11D0-8D11-00A0C91BC942}") = "CpuOps", "Library\CpuOps\CpuOps.vcxproj", "{920E488B-9DDE-4AC0-863D-448645F9A15D}"
EndProject
Project("{9A19103F-16F7-4668-BE54-9A1E7A4F7556}") = "ManagedCuda", "Library\ManagedCuda\ManagedCuda.csproj", "{D54D5F47-4596-49D0-8BB6-57567704E515}"
EndProject
Project("{9A19103F-16F7-4668-BE54-9A1E7A4F7556}") = "BackendTester", "Examples\BackendTester\BackendTester.csproj", "{D1577671-72F4-46BF-830E-B0E31342F5C9}"
EndProject
Project("{2150E333-8FDC-42A3-9474-1A3956D46DE8}") = "Examples", "Examples", "{7BE4048A-A308-48D3-B19E-C15ADA464BFB}"
EndProject
Project("{9A19103F-16F7-4668-BE54-9A1E7A4F7556}") = "GettingStarted", "Examples\GettingStarted\GettingStarted.csproj", "{BEC834F0-A738-43E3-B289-0146A78E3181}"
EndProject
Project("{9A19103F-16F7-4668-BE54-9A1E7A4F7556}") = "BostonHousingRegressionExample", "Examples\BostonHousingRegressionExample\BostonHousingRegressionExample.csproj", "{293500DF-085C-4F20-9758-1F51A8608CA6}"
EndProject
Project("{9A19103F-16F7-4668-BE54-9A1E7A4F7556}") = "BasicClassificationWithTitanicDataset", "Examples\BasicClassificationWithTitanicDataset\BasicClassificationWithTitanicDataset.csproj", "{63F04A62-560D-4B12-B799-AE7FFBD85B81}"
EndProject
Project("{9A19103F-16F7-4668-BE54-9A1E7A4F7556}") = "SiaNet.Backend.CNTK", "Backends\SiaNet.Backend.CNTK\SiaNet.Backend.CNTK.csproj", "{21F7AB9F-C32C-46BD-A21E-AA80B4EAFD05}"
EndProject
Project("{9A19103F-16F7-4668-BE54-9A1E7A4F7556}") = "SiaNet.Backend.CNTKCpuOnly", "Backends\SiaNet.Backend.CNTKCpuOnly\SiaNet.Backend.CNTKCpuOnly.csproj", "{8A245C80-C34B-4A4A-884C-2443B106A3AF}"
EndProject
Project("{9A19103F-16F7-4668-BE54-9A1E7A4F7556}") = "SiaNet.Backend.TensorFlow", "Backends\SiaNet.Backend.TensorFlow\SiaNet.Backend.TensorFlow.csproj", "{79D205EF-C023-4444-9137-BE8F3E7C83C0}"
EndProject
Global
	GlobalSection(SolutionConfigurationPlatforms) = preSolution
		Debug|Any CPU = Debug|Any CPU
		Debug|ArrayFire = Debug|ArrayFire
		Debug|x64 = Debug|x64
		Debug|x86 = Debug|x86
		Release|Any CPU = Release|Any CPU
		Release|ArrayFire = Release|ArrayFire
		Release|x64 = Release|x64
		Release|x86 = Release|x86
		ReleaseCpuOnly|Any CPU = ReleaseCpuOnly|Any CPU
		ReleaseCpuOnly|ArrayFire = ReleaseCpuOnly|ArrayFire
		ReleaseCpuOnly|x64 = ReleaseCpuOnly|x64
		ReleaseCpuOnly|x86 = ReleaseCpuOnly|x86
	EndGlobalSection
	GlobalSection(ProjectConfigurationPlatforms) = postSolution
		{EE93DB2A-938F-461E-ADE9-6188D5DCF834}.Debug|Any CPU.ActiveCfg = Debug|Any CPU
		{EE93DB2A-938F-461E-ADE9-6188D5DCF834}.Debug|Any CPU.Build.0 = Debug|Any CPU
		{EE93DB2A-938F-461E-ADE9-6188D5DCF834}.Debug|ArrayFire.ActiveCfg = Debug|x64
		{EE93DB2A-938F-461E-ADE9-6188D5DCF834}.Debug|ArrayFire.Build.0 = Debug|x64
		{EE93DB2A-938F-461E-ADE9-6188D5DCF834}.Debug|x64.ActiveCfg = Debug|x64
		{EE93DB2A-938F-461E-ADE9-6188D5DCF834}.Debug|x64.Build.0 = Debug|x64
		{EE93DB2A-938F-461E-ADE9-6188D5DCF834}.Debug|x86.ActiveCfg = Debug|Any CPU
		{EE93DB2A-938F-461E-ADE9-6188D5DCF834}.Debug|x86.Build.0 = Debug|Any CPU
		{EE93DB2A-938F-461E-ADE9-6188D5DCF834}.Release|Any CPU.ActiveCfg = Release|Any CPU
		{EE93DB2A-938F-461E-ADE9-6188D5DCF834}.Release|Any CPU.Build.0 = Release|Any CPU
		{EE93DB2A-938F-461E-ADE9-6188D5DCF834}.Release|ArrayFire.ActiveCfg = Release|x64
		{EE93DB2A-938F-461E-ADE9-6188D5DCF834}.Release|ArrayFire.Build.0 = Release|x64
		{EE93DB2A-938F-461E-ADE9-6188D5DCF834}.Release|x64.ActiveCfg = Release|x64
		{EE93DB2A-938F-461E-ADE9-6188D5DCF834}.Release|x64.Build.0 = Release|x64
		{EE93DB2A-938F-461E-ADE9-6188D5DCF834}.Release|x86.ActiveCfg = Release|Any CPU
		{EE93DB2A-938F-461E-ADE9-6188D5DCF834}.Release|x86.Build.0 = Release|Any CPU
		{EE93DB2A-938F-461E-ADE9-6188D5DCF834}.ReleaseCpuOnly|Any CPU.ActiveCfg = Release|Any CPU
		{EE93DB2A-938F-461E-ADE9-6188D5DCF834}.ReleaseCpuOnly|Any CPU.Build.0 = Release|Any CPU
		{EE93DB2A-938F-461E-ADE9-6188D5DCF834}.ReleaseCpuOnly|ArrayFire.ActiveCfg = Release|Any CPU
		{EE93DB2A-938F-461E-ADE9-6188D5DCF834}.ReleaseCpuOnly|ArrayFire.Build.0 = Release|Any CPU
		{EE93DB2A-938F-461E-ADE9-6188D5DCF834}.ReleaseCpuOnly|x64.ActiveCfg = Release|x64
		{EE93DB2A-938F-461E-ADE9-6188D5DCF834}.ReleaseCpuOnly|x64.Build.0 = Release|x64
		{EE93DB2A-938F-461E-ADE9-6188D5DCF834}.ReleaseCpuOnly|x86.ActiveCfg = Release|Any CPU
		{EE93DB2A-938F-461E-ADE9-6188D5DCF834}.ReleaseCpuOnly|x86.Build.0 = Release|Any CPU
		{7ECF0701-1257-436E-A76B-01ACCF3B05AA}.Debug|Any CPU.ActiveCfg = Debug|Any CPU
		{7ECF0701-1257-436E-A76B-01ACCF3B05AA}.Debug|Any CPU.Build.0 = Debug|Any CPU
		{7ECF0701-1257-436E-A76B-01ACCF3B05AA}.Debug|ArrayFire.ActiveCfg = Debug|x64
		{7ECF0701-1257-436E-A76B-01ACCF3B05AA}.Debug|ArrayFire.Build.0 = Debug|x64
		{7ECF0701-1257-436E-A76B-01ACCF3B05AA}.Debug|x64.ActiveCfg = Debug|x64
		{7ECF0701-1257-436E-A76B-01ACCF3B05AA}.Debug|x64.Build.0 = Debug|x64
		{7ECF0701-1257-436E-A76B-01ACCF3B05AA}.Debug|x86.ActiveCfg = Debug|Any CPU
		{7ECF0701-1257-436E-A76B-01ACCF3B05AA}.Debug|x86.Build.0 = Debug|Any CPU
		{7ECF0701-1257-436E-A76B-01ACCF3B05AA}.Release|Any CPU.ActiveCfg = Release|Any CPU
		{7ECF0701-1257-436E-A76B-01ACCF3B05AA}.Release|Any CPU.Build.0 = Release|Any CPU
		{7ECF0701-1257-436E-A76B-01ACCF3B05AA}.Release|ArrayFire.ActiveCfg = Release|x64
		{7ECF0701-1257-436E-A76B-01ACCF3B05AA}.Release|ArrayFire.Build.0 = Release|x64
		{7ECF0701-1257-436E-A76B-01ACCF3B05AA}.Release|x64.ActiveCfg = Release|x64
		{7ECF0701-1257-436E-A76B-01ACCF3B05AA}.Release|x64.Build.0 = Release|x64
		{7ECF0701-1257-436E-A76B-01ACCF3B05AA}.Release|x86.ActiveCfg = Release|Any CPU
		{7ECF0701-1257-436E-A76B-01ACCF3B05AA}.Release|x86.Build.0 = Release|Any CPU
		{7ECF0701-1257-436E-A76B-01ACCF3B05AA}.ReleaseCpuOnly|Any CPU.ActiveCfg = Release|Any CPU
		{7ECF0701-1257-436E-A76B-01ACCF3B05AA}.ReleaseCpuOnly|Any CPU.Build.0 = Release|Any CPU
		{7ECF0701-1257-436E-A76B-01ACCF3B05AA}.ReleaseCpuOnly|ArrayFire.ActiveCfg = Release|Any CPU
		{7ECF0701-1257-436E-A76B-01ACCF3B05AA}.ReleaseCpuOnly|ArrayFire.Build.0 = Release|Any CPU
		{7ECF0701-1257-436E-A76B-01ACCF3B05AA}.ReleaseCpuOnly|x64.ActiveCfg = Release|x64
		{7ECF0701-1257-436E-A76B-01ACCF3B05AA}.ReleaseCpuOnly|x64.Build.0 = Release|x64
		{7ECF0701-1257-436E-A76B-01ACCF3B05AA}.ReleaseCpuOnly|x86.ActiveCfg = Release|Any CPU
		{7ECF0701-1257-436E-A76B-01ACCF3B05AA}.ReleaseCpuOnly|x86.Build.0 = Release|Any CPU
		{31409A5F-8E3A-4998-81D6-D078F44EB230}.Debug|Any CPU.ActiveCfg = Debug|Any CPU
		{31409A5F-8E3A-4998-81D6-D078F44EB230}.Debug|Any CPU.Build.0 = Debug|Any CPU
		{31409A5F-8E3A-4998-81D6-D078F44EB230}.Debug|ArrayFire.ActiveCfg = Debug|x64
		{31409A5F-8E3A-4998-81D6-D078F44EB230}.Debug|ArrayFire.Build.0 = Debug|x64
		{31409A5F-8E3A-4998-81D6-D078F44EB230}.Debug|x64.ActiveCfg = Debug|x64
		{31409A5F-8E3A-4998-81D6-D078F44EB230}.Debug|x64.Build.0 = Debug|x64
		{31409A5F-8E3A-4998-81D6-D078F44EB230}.Debug|x86.ActiveCfg = Debug|Any CPU
		{31409A5F-8E3A-4998-81D6-D078F44EB230}.Debug|x86.Build.0 = Debug|Any CPU
		{31409A5F-8E3A-4998-81D6-D078F44EB230}.Release|Any CPU.ActiveCfg = Release|Any CPU
		{31409A5F-8E3A-4998-81D6-D078F44EB230}.Release|Any CPU.Build.0 = Release|Any CPU
		{31409A5F-8E3A-4998-81D6-D078F44EB230}.Release|ArrayFire.ActiveCfg = Release|x64
		{31409A5F-8E3A-4998-81D6-D078F44EB230}.Release|ArrayFire.Build.0 = Release|x64
		{31409A5F-8E3A-4998-81D6-D078F44EB230}.Release|x64.ActiveCfg = Release|x64
		{31409A5F-8E3A-4998-81D6-D078F44EB230}.Release|x64.Build.0 = Release|x64
		{31409A5F-8E3A-4998-81D6-D078F44EB230}.Release|x86.ActiveCfg = Release|Any CPU
		{31409A5F-8E3A-4998-81D6-D078F44EB230}.Release|x86.Build.0 = Release|Any CPU
		{31409A5F-8E3A-4998-81D6-D078F44EB230}.ReleaseCpuOnly|Any CPU.ActiveCfg = Release|Any CPU
		{31409A5F-8E3A-4998-81D6-D078F44EB230}.ReleaseCpuOnly|Any CPU.Build.0 = Release|Any CPU
		{31409A5F-8E3A-4998-81D6-D078F44EB230}.ReleaseCpuOnly|ArrayFire.ActiveCfg = Release|Any CPU
		{31409A5F-8E3A-4998-81D6-D078F44EB230}.ReleaseCpuOnly|ArrayFire.Build.0 = Release|Any CPU
		{31409A5F-8E3A-4998-81D6-D078F44EB230}.ReleaseCpuOnly|x64.ActiveCfg = Release|x64
		{31409A5F-8E3A-4998-81D6-D078F44EB230}.ReleaseCpuOnly|x64.Build.0 = Release|x64
		{31409A5F-8E3A-4998-81D6-D078F44EB230}.ReleaseCpuOnly|x86.ActiveCfg = Release|Any CPU
		{31409A5F-8E3A-4998-81D6-D078F44EB230}.ReleaseCpuOnly|x86.Build.0 = Release|Any CPU
		{D1FEC946-FEC6-44FF-8087-5DA888344489}.Debug|Any CPU.ActiveCfg = Debug|Any CPU
		{D1FEC946-FEC6-44FF-8087-5DA888344489}.Debug|Any CPU.Build.0 = Debug|Any CPU
		{D1FEC946-FEC6-44FF-8087-5DA888344489}.Debug|ArrayFire.ActiveCfg = Debug|Any CPU
		{D1FEC946-FEC6-44FF-8087-5DA888344489}.Debug|ArrayFire.Build.0 = Debug|Any CPU
		{D1FEC946-FEC6-44FF-8087-5DA888344489}.Debug|x64.ActiveCfg = Debug|Any CPU
		{D1FEC946-FEC6-44FF-8087-5DA888344489}.Debug|x64.Build.0 = Debug|Any CPU
		{D1FEC946-FEC6-44FF-8087-5DA888344489}.Debug|x86.ActiveCfg = Debug|Any CPU
		{D1FEC946-FEC6-44FF-8087-5DA888344489}.Debug|x86.Build.0 = Debug|Any CPU
		{D1FEC946-FEC6-44FF-8087-5DA888344489}.Release|Any CPU.ActiveCfg = Release|Any CPU
		{D1FEC946-FEC6-44FF-8087-5DA888344489}.Release|Any CPU.Build.0 = Release|Any CPU
		{D1FEC946-FEC6-44FF-8087-5DA888344489}.Release|ArrayFire.ActiveCfg = Release|Any CPU
		{D1FEC946-FEC6-44FF-8087-5DA888344489}.Release|ArrayFire.Build.0 = Release|Any CPU
		{D1FEC946-FEC6-44FF-8087-5DA888344489}.Release|x64.ActiveCfg = Release|Any CPU
		{D1FEC946-FEC6-44FF-8087-5DA888344489}.Release|x64.Build.0 = Release|Any CPU
		{D1FEC946-FEC6-44FF-8087-5DA888344489}.Release|x86.ActiveCfg = Release|Any CPU
		{D1FEC946-FEC6-44FF-8087-5DA888344489}.Release|x86.Build.0 = Release|Any CPU
		{D1FEC946-FEC6-44FF-8087-5DA888344489}.ReleaseCpuOnly|Any CPU.ActiveCfg = Release|Any CPU
		{D1FEC946-FEC6-44FF-8087-5DA888344489}.ReleaseCpuOnly|Any CPU.Build.0 = Release|Any CPU
		{D1FEC946-FEC6-44FF-8087-5DA888344489}.ReleaseCpuOnly|ArrayFire.ActiveCfg = Release|Any CPU
		{D1FEC946-FEC6-44FF-8087-5DA888344489}.ReleaseCpuOnly|ArrayFire.Build.0 = Release|Any CPU
		{D1FEC946-FEC6-44FF-8087-5DA888344489}.ReleaseCpuOnly|x64.ActiveCfg = Release|Any CPU
		{D1FEC946-FEC6-44FF-8087-5DA888344489}.ReleaseCpuOnly|x64.Build.0 = Release|Any CPU
		{D1FEC946-FEC6-44FF-8087-5DA888344489}.ReleaseCpuOnly|x86.ActiveCfg = Release|Any CPU
		{D1FEC946-FEC6-44FF-8087-5DA888344489}.ReleaseCpuOnly|x86.Build.0 = Release|Any CPU
		{920E488B-9DDE-4AC0-863D-448645F9A15D}.Debug|Any CPU.ActiveCfg = Debug|Win32
		{920E488B-9DDE-4AC0-863D-448645F9A15D}.Debug|ArrayFire.ActiveCfg = Debug|Win32
		{920E488B-9DDE-4AC0-863D-448645F9A15D}.Debug|x64.ActiveCfg = Debug|x64
		{920E488B-9DDE-4AC0-863D-448645F9A15D}.Debug|x64.Build.0 = Debug|x64
		{920E488B-9DDE-4AC0-863D-448645F9A15D}.Debug|x86.ActiveCfg = Debug|Win32
		{920E488B-9DDE-4AC0-863D-448645F9A15D}.Debug|x86.Build.0 = Debug|Win32
		{920E488B-9DDE-4AC0-863D-448645F9A15D}.Release|Any CPU.ActiveCfg = Release|Win32
		{920E488B-9DDE-4AC0-863D-448645F9A15D}.Release|ArrayFire.ActiveCfg = Release|Win32
		{920E488B-9DDE-4AC0-863D-448645F9A15D}.Release|x64.ActiveCfg = Release|x64
		{920E488B-9DDE-4AC0-863D-448645F9A15D}.Release|x64.Build.0 = Release|x64
		{920E488B-9DDE-4AC0-863D-448645F9A15D}.Release|x86.ActiveCfg = Release|Win32
		{920E488B-9DDE-4AC0-863D-448645F9A15D}.Release|x86.Build.0 = Release|Win32
		{920E488B-9DDE-4AC0-863D-448645F9A15D}.ReleaseCpuOnly|Any CPU.ActiveCfg = ReleaseCpuOnly|Win32
		{920E488B-9DDE-4AC0-863D-448645F9A15D}.ReleaseCpuOnly|ArrayFire.ActiveCfg = ReleaseCpuOnly|Win32
		{920E488B-9DDE-4AC0-863D-448645F9A15D}.ReleaseCpuOnly|x64.ActiveCfg = ReleaseCpuOnly|x64
		{920E488B-9DDE-4AC0-863D-448645F9A15D}.ReleaseCpuOnly|x64.Build.0 = ReleaseCpuOnly|x64
		{920E488B-9DDE-4AC0-863D-448645F9A15D}.ReleaseCpuOnly|x86.ActiveCfg = ReleaseCpuOnly|Win32
		{920E488B-9DDE-4AC0-863D-448645F9A15D}.ReleaseCpuOnly|x86.Build.0 = ReleaseCpuOnly|Win32
		{D54D5F47-4596-49D0-8BB6-57567704E515}.Debug|Any CPU.ActiveCfg = Debug|Any CPU
		{D54D5F47-4596-49D0-8BB6-57567704E515}.Debug|Any CPU.Build.0 = Debug|Any CPU
		{D54D5F47-4596-49D0-8BB6-57567704E515}.Debug|ArrayFire.ActiveCfg = Debug|Any CPU
		{D54D5F47-4596-49D0-8BB6-57567704E515}.Debug|ArrayFire.Build.0 = Debug|Any CPU
		{D54D5F47-4596-49D0-8BB6-57567704E515}.Debug|x64.ActiveCfg = Debug|x64
		{D54D5F47-4596-49D0-8BB6-57567704E515}.Debug|x64.Build.0 = Debug|x64
		{D54D5F47-4596-49D0-8BB6-57567704E515}.Debug|x86.ActiveCfg = Debug|Any CPU
		{D54D5F47-4596-49D0-8BB6-57567704E515}.Debug|x86.Build.0 = Debug|Any CPU
		{D54D5F47-4596-49D0-8BB6-57567704E515}.Release|Any CPU.ActiveCfg = Release|Any CPU
		{D54D5F47-4596-49D0-8BB6-57567704E515}.Release|Any CPU.Build.0 = Release|Any CPU
		{D54D5F47-4596-49D0-8BB6-57567704E515}.Release|ArrayFire.ActiveCfg = Release|Any CPU
		{D54D5F47-4596-49D0-8BB6-57567704E515}.Release|ArrayFire.Build.0 = Release|Any CPU
		{D54D5F47-4596-49D0-8BB6-57567704E515}.Release|x64.ActiveCfg = Release|x64
		{D54D5F47-4596-49D0-8BB6-57567704E515}.Release|x64.Build.0 = Release|x64
		{D54D5F47-4596-49D0-8BB6-57567704E515}.Release|x86.ActiveCfg = Release|Any CPU
		{D54D5F47-4596-49D0-8BB6-57567704E515}.Release|x86.Build.0 = Release|Any CPU
		{D54D5F47-4596-49D0-8BB6-57567704E515}.ReleaseCpuOnly|Any CPU.ActiveCfg = Release|Any CPU
		{D54D5F47-4596-49D0-8BB6-57567704E515}.ReleaseCpuOnly|Any CPU.Build.0 = Release|Any CPU
		{D54D5F47-4596-49D0-8BB6-57567704E515}.ReleaseCpuOnly|ArrayFire.ActiveCfg = Release|Any CPU
		{D54D5F47-4596-49D0-8BB6-57567704E515}.ReleaseCpuOnly|ArrayFire.Build.0 = Release|Any CPU
		{D54D5F47-4596-49D0-8BB6-57567704E515}.ReleaseCpuOnly|x64.ActiveCfg = Release|x64
		{D54D5F47-4596-49D0-8BB6-57567704E515}.ReleaseCpuOnly|x64.Build.0 = Release|x64
		{D54D5F47-4596-49D0-8BB6-57567704E515}.ReleaseCpuOnly|x86.ActiveCfg = Release|Any CPU
		{D54D5F47-4596-49D0-8BB6-57567704E515}.ReleaseCpuOnly|x86.Build.0 = Release|Any CPU
		{D1577671-72F4-46BF-830E-B0E31342F5C9}.Debug|Any CPU.ActiveCfg = Debug|Any CPU
		{D1577671-72F4-46BF-830E-B0E31342F5C9}.Debug|Any CPU.Build.0 = Debug|Any CPU
		{D1577671-72F4-46BF-830E-B0E31342F5C9}.Debug|ArrayFire.ActiveCfg = Debug|Any CPU
		{D1577671-72F4-46BF-830E-B0E31342F5C9}.Debug|ArrayFire.Build.0 = Debug|Any CPU
		{D1577671-72F4-46BF-830E-B0E31342F5C9}.Debug|x64.ActiveCfg = Debug|Any CPU
		{D1577671-72F4-46BF-830E-B0E31342F5C9}.Debug|x64.Build.0 = Debug|Any CPU
		{D1577671-72F4-46BF-830E-B0E31342F5C9}.Debug|x86.ActiveCfg = Debug|Any CPU
		{D1577671-72F4-46BF-830E-B0E31342F5C9}.Debug|x86.Build.0 = Debug|Any CPU
		{D1577671-72F4-46BF-830E-B0E31342F5C9}.Release|Any CPU.ActiveCfg = Release|Any CPU
		{D1577671-72F4-46BF-830E-B0E31342F5C9}.Release|Any CPU.Build.0 = Release|Any CPU
		{D1577671-72F4-46BF-830E-B0E31342F5C9}.Release|ArrayFire.ActiveCfg = Release|Any CPU
		{D1577671-72F4-46BF-830E-B0E31342F5C9}.Release|ArrayFire.Build.0 = Release|Any CPU
		{D1577671-72F4-46BF-830E-B0E31342F5C9}.Release|x64.ActiveCfg = Release|Any CPU
		{D1577671-72F4-46BF-830E-B0E31342F5C9}.Release|x64.Build.0 = Release|Any CPU
		{D1577671-72F4-46BF-830E-B0E31342F5C9}.Release|x86.ActiveCfg = Release|Any CPU
		{D1577671-72F4-46BF-830E-B0E31342F5C9}.Release|x86.Build.0 = Release|Any CPU
		{D1577671-72F4-46BF-830E-B0E31342F5C9}.ReleaseCpuOnly|Any CPU.ActiveCfg = Release|Any CPU
		{D1577671-72F4-46BF-830E-B0E31342F5C9}.ReleaseCpuOnly|Any CPU.Build.0 = Release|Any CPU
		{D1577671-72F4-46BF-830E-B0E31342F5C9}.ReleaseCpuOnly|ArrayFire.ActiveCfg = Release|Any CPU
		{D1577671-72F4-46BF-830E-B0E31342F5C9}.ReleaseCpuOnly|ArrayFire.Build.0 = Release|Any CPU
		{D1577671-72F4-46BF-830E-B0E31342F5C9}.ReleaseCpuOnly|x64.ActiveCfg = Release|Any CPU
		{D1577671-72F4-46BF-830E-B0E31342F5C9}.ReleaseCpuOnly|x64.Build.0 = Release|Any CPU
		{D1577671-72F4-46BF-830E-B0E31342F5C9}.ReleaseCpuOnly|x86.ActiveCfg = Release|Any CPU
		{D1577671-72F4-46BF-830E-B0E31342F5C9}.ReleaseCpuOnly|x86.Build.0 = Release|Any CPU
		{BEC834F0-A738-43E3-B289-0146A78E3181}.Debug|Any CPU.ActiveCfg = Debug|Any CPU
		{BEC834F0-A738-43E3-B289-0146A78E3181}.Debug|Any CPU.Build.0 = Debug|Any CPU
		{BEC834F0-A738-43E3-B289-0146A78E3181}.Debug|ArrayFire.ActiveCfg = Debug|Any CPU
		{BEC834F0-A738-43E3-B289-0146A78E3181}.Debug|ArrayFire.Build.0 = Debug|Any CPU
		{BEC834F0-A738-43E3-B289-0146A78E3181}.Debug|x64.ActiveCfg = Debug|Any CPU
		{BEC834F0-A738-43E3-B289-0146A78E3181}.Debug|x64.Build.0 = Debug|Any CPU
		{BEC834F0-A738-43E3-B289-0146A78E3181}.Debug|x86.ActiveCfg = Debug|Any CPU
		{BEC834F0-A738-43E3-B289-0146A78E3181}.Debug|x86.Build.0 = Debug|Any CPU
		{BEC834F0-A738-43E3-B289-0146A78E3181}.Release|Any CPU.ActiveCfg = Release|Any CPU
		{BEC834F0-A738-43E3-B289-0146A78E3181}.Release|Any CPU.Build.0 = Release|Any CPU
		{BEC834F0-A738-43E3-B289-0146A78E3181}.Release|ArrayFire.ActiveCfg = Release|Any CPU
		{BEC834F0-A738-43E3-B289-0146A78E3181}.Release|ArrayFire.Build.0 = Release|Any CPU
		{BEC834F0-A738-43E3-B289-0146A78E3181}.Release|x64.ActiveCfg = Release|Any CPU
		{BEC834F0-A738-43E3-B289-0146A78E3181}.Release|x64.Build.0 = Release|Any CPU
		{BEC834F0-A738-43E3-B289-0146A78E3181}.Release|x86.ActiveCfg = Release|Any CPU
		{BEC834F0-A738-43E3-B289-0146A78E3181}.Release|x86.Build.0 = Release|Any CPU
		{BEC834F0-A738-43E3-B289-0146A78E3181}.ReleaseCpuOnly|Any CPU.ActiveCfg = Release|Any CPU
		{BEC834F0-A738-43E3-B289-0146A78E3181}.ReleaseCpuOnly|Any CPU.Build.0 = Release|Any CPU
		{BEC834F0-A738-43E3-B289-0146A78E3181}.ReleaseCpuOnly|ArrayFire.ActiveCfg = Release|Any CPU
		{BEC834F0-A738-43E3-B289-0146A78E3181}.ReleaseCpuOnly|ArrayFire.Build.0 = Release|Any CPU
		{BEC834F0-A738-43E3-B289-0146A78E3181}.ReleaseCpuOnly|x64.ActiveCfg = Release|Any CPU
		{BEC834F0-A738-43E3-B289-0146A78E3181}.ReleaseCpuOnly|x64.Build.0 = Release|Any CPU
		{BEC834F0-A738-43E3-B289-0146A78E3181}.ReleaseCpuOnly|x86.ActiveCfg = Release|Any CPU
		{BEC834F0-A738-43E3-B289-0146A78E3181}.ReleaseCpuOnly|x86.Build.0 = Release|Any CPU
		{293500DF-085C-4F20-9758-1F51A8608CA6}.Debug|Any CPU.ActiveCfg = Debug|Any CPU
		{293500DF-085C-4F20-9758-1F51A8608CA6}.Debug|Any CPU.Build.0 = Debug|Any CPU
		{293500DF-085C-4F20-9758-1F51A8608CA6}.Debug|ArrayFire.ActiveCfg = Debug|Any CPU
		{293500DF-085C-4F20-9758-1F51A8608CA6}.Debug|ArrayFire.Build.0 = Debug|Any CPU
		{293500DF-085C-4F20-9758-1F51A8608CA6}.Debug|x64.ActiveCfg = Debug|Any CPU
		{293500DF-085C-4F20-9758-1F51A8608CA6}.Debug|x64.Build.0 = Debug|Any CPU
		{293500DF-085C-4F20-9758-1F51A8608CA6}.Debug|x86.ActiveCfg = Debug|Any CPU
		{293500DF-085C-4F20-9758-1F51A8608CA6}.Debug|x86.Build.0 = Debug|Any CPU
		{293500DF-085C-4F20-9758-1F51A8608CA6}.Release|Any CPU.ActiveCfg = Release|Any CPU
		{293500DF-085C-4F20-9758-1F51A8608CA6}.Release|Any CPU.Build.0 = Release|Any CPU
		{293500DF-085C-4F20-9758-1F51A8608CA6}.Release|ArrayFire.ActiveCfg = Release|Any CPU
		{293500DF-085C-4F20-9758-1F51A8608CA6}.Release|ArrayFire.Build.0 = Release|Any CPU
		{293500DF-085C-4F20-9758-1F51A8608CA6}.Release|x64.ActiveCfg = Release|Any CPU
		{293500DF-085C-4F20-9758-1F51A8608CA6}.Release|x64.Build.0 = Release|Any CPU
		{293500DF-085C-4F20-9758-1F51A8608CA6}.Release|x86.ActiveCfg = Release|Any CPU
		{293500DF-085C-4F20-9758-1F51A8608CA6}.Release|x86.Build.0 = Release|Any CPU
		{293500DF-085C-4F20-9758-1F51A8608CA6}.ReleaseCpuOnly|Any CPU.ActiveCfg = Release|Any CPU
		{293500DF-085C-4F20-9758-1F51A8608CA6}.ReleaseCpuOnly|Any CPU.Build.0 = Release|Any CPU
		{293500DF-085C-4F20-9758-1F51A8608CA6}.ReleaseCpuOnly|ArrayFire.ActiveCfg = Release|Any CPU
		{293500DF-085C-4F20-9758-1F51A8608CA6}.ReleaseCpuOnly|ArrayFire.Build.0 = Release|Any CPU
		{293500DF-085C-4F20-9758-1F51A8608CA6}.ReleaseCpuOnly|x64.ActiveCfg = Release|Any CPU
		{293500DF-085C-4F20-9758-1F51A8608CA6}.ReleaseCpuOnly|x64.Build.0 = Release|Any CPU
		{293500DF-085C-4F20-9758-1F51A8608CA6}.ReleaseCpuOnly|x86.ActiveCfg = Release|Any CPU
		{293500DF-085C-4F20-9758-1F51A8608CA6}.ReleaseCpuOnly|x86.Build.0 = Release|Any CPU
		{63F04A62-560D-4B12-B799-AE7FFBD85B81}.Debug|Any CPU.ActiveCfg = Debug|Any CPU
		{63F04A62-560D-4B12-B799-AE7FFBD85B81}.Debug|Any CPU.Build.0 = Debug|Any CPU
		{63F04A62-560D-4B12-B799-AE7FFBD85B81}.Debug|ArrayFire.ActiveCfg = Debug|Any CPU
		{63F04A62-560D-4B12-B799-AE7FFBD85B81}.Debug|ArrayFire.Build.0 = Debug|Any CPU
		{63F04A62-560D-4B12-B799-AE7FFBD85B81}.Debug|x64.ActiveCfg = Debug|Any CPU
		{63F04A62-560D-4B12-B799-AE7FFBD85B81}.Debug|x64.Build.0 = Debug|Any CPU
		{63F04A62-560D-4B12-B799-AE7FFBD85B81}.Debug|x86.ActiveCfg = Debug|Any CPU
		{63F04A62-560D-4B12-B799-AE7FFBD85B81}.Debug|x86.Build.0 = Debug|Any CPU
		{63F04A62-560D-4B12-B799-AE7FFBD85B81}.Release|Any CPU.ActiveCfg = Release|Any CPU
		{63F04A62-560D-4B12-B799-AE7FFBD85B81}.Release|Any CPU.Build.0 = Release|Any CPU
		{63F04A62-560D-4B12-B799-AE7FFBD85B81}.Release|ArrayFire.ActiveCfg = Release|Any CPU
		{63F04A62-560D-4B12-B799-AE7FFBD85B81}.Release|ArrayFire.Build.0 = Release|Any CPU
		{63F04A62-560D-4B12-B799-AE7FFBD85B81}.Release|x64.ActiveCfg = Release|Any CPU
		{63F04A62-560D-4B12-B799-AE7FFBD85B81}.Release|x64.Build.0 = Release|Any CPU
		{63F04A62-560D-4B12-B799-AE7FFBD85B81}.Release|x86.ActiveCfg = Release|Any CPU
		{63F04A62-560D-4B12-B799-AE7FFBD85B81}.Release|x86.Build.0 = Release|Any CPU
		{63F04A62-560D-4B12-B799-AE7FFBD85B81}.ReleaseCpuOnly|Any CPU.ActiveCfg = Release|Any CPU
		{63F04A62-560D-4B12-B799-AE7FFBD85B81}.ReleaseCpuOnly|Any CPU.Build.0 = Release|Any CPU
		{63F04A62-560D-4B12-B799-AE7FFBD85B81}.ReleaseCpuOnly|ArrayFire.ActiveCfg = Release|Any CPU
		{63F04A62-560D-4B12-B799-AE7FFBD85B81}.ReleaseCpuOnly|ArrayFire.Build.0 = Release|Any CPU
		{63F04A62-560D-4B12-B799-AE7FFBD85B81}.ReleaseCpuOnly|x64.ActiveCfg = Release|Any CPU
		{63F04A62-560D-4B12-B799-AE7FFBD85B81}.ReleaseCpuOnly|x64.Build.0 = Release|Any CPU
		{63F04A62-560D-4B12-B799-AE7FFBD85B81}.ReleaseCpuOnly|x86.ActiveCfg = Release|Any CPU
		{63F04A62-560D-4B12-B799-AE7FFBD85B81}.ReleaseCpuOnly|x86.Build.0 = Release|Any CPU
		{21F7AB9F-C32C-46BD-A21E-AA80B4EAFD05}.Debug|Any CPU.ActiveCfg = Debug|Any CPU
		{21F7AB9F-C32C-46BD-A21E-AA80B4EAFD05}.Debug|Any CPU.Build.0 = Debug|Any CPU
		{21F7AB9F-C32C-46BD-A21E-AA80B4EAFD05}.Debug|ArrayFire.ActiveCfg = Debug|Any CPU
		{21F7AB9F-C32C-46BD-A21E-AA80B4EAFD05}.Debug|ArrayFire.Build.0 = Debug|Any CPU
		{21F7AB9F-C32C-46BD-A21E-AA80B4EAFD05}.Debug|x64.ActiveCfg = Debug|Any CPU
		{21F7AB9F-C32C-46BD-A21E-AA80B4EAFD05}.Debug|x64.Build.0 = Debug|Any CPU
		{21F7AB9F-C32C-46BD-A21E-AA80B4EAFD05}.Debug|x86.ActiveCfg = Debug|Any CPU
		{21F7AB9F-C32C-46BD-A21E-AA80B4EAFD05}.Debug|x86.Build.0 = Debug|Any CPU
		{21F7AB9F-C32C-46BD-A21E-AA80B4EAFD05}.Release|Any CPU.ActiveCfg = Release|Any CPU
		{21F7AB9F-C32C-46BD-A21E-AA80B4EAFD05}.Release|Any CPU.Build.0 = Release|Any CPU
		{21F7AB9F-C32C-46BD-A21E-AA80B4EAFD05}.Release|ArrayFire.ActiveCfg = Release|Any CPU
		{21F7AB9F-C32C-46BD-A21E-AA80B4EAFD05}.Release|ArrayFire.Build.0 = Release|Any CPU
		{21F7AB9F-C32C-46BD-A21E-AA80B4EAFD05}.Release|x64.ActiveCfg = Release|Any CPU
		{21F7AB9F-C32C-46BD-A21E-AA80B4EAFD05}.Release|x64.Build.0 = Release|Any CPU
		{21F7AB9F-C32C-46BD-A21E-AA80B4EAFD05}.Release|x86.ActiveCfg = Release|Any CPU
		{21F7AB9F-C32C-46BD-A21E-AA80B4EAFD05}.Release|x86.Build.0 = Release|Any CPU
		{21F7AB9F-C32C-46BD-A21E-AA80B4EAFD05}.ReleaseCpuOnly|Any CPU.ActiveCfg = Release|Any CPU
		{21F7AB9F-C32C-46BD-A21E-AA80B4EAFD05}.ReleaseCpuOnly|Any CPU.Build.0 = Release|Any CPU
		{21F7AB9F-C32C-46BD-A21E-AA80B4EAFD05}.ReleaseCpuOnly|ArrayFire.ActiveCfg = Release|Any CPU
		{21F7AB9F-C32C-46BD-A21E-AA80B4EAFD05}.ReleaseCpuOnly|ArrayFire.Build.0 = Release|Any CPU
		{21F7AB9F-C32C-46BD-A21E-AA80B4EAFD05}.ReleaseCpuOnly|x64.ActiveCfg = Release|Any CPU
		{21F7AB9F-C32C-46BD-A21E-AA80B4EAFD05}.ReleaseCpuOnly|x64.Build.0 = Release|Any CPU
		{21F7AB9F-C32C-46BD-A21E-AA80B4EAFD05}.ReleaseCpuOnly|x86.ActiveCfg = Release|Any CPU
		{21F7AB9F-C32C-46BD-A21E-AA80B4EAFD05}.ReleaseCpuOnly|x86.Build.0 = Release|Any CPU
		{8A245C80-C34B-4A4A-884C-2443B106A3AF}.Debug|Any CPU.ActiveCfg = Debug|Any CPU
		{8A245C80-C34B-4A4A-884C-2443B106A3AF}.Debug|Any CPU.Build.0 = Debug|Any CPU
		{8A245C80-C34B-4A4A-884C-2443B106A3AF}.Debug|ArrayFire.ActiveCfg = Debug|Any CPU
		{8A245C80-C34B-4A4A-884C-2443B106A3AF}.Debug|ArrayFire.Build.0 = Debug|Any CPU
		{8A245C80-C34B-4A4A-884C-2443B106A3AF}.Debug|x64.ActiveCfg = Debug|Any CPU
		{8A245C80-C34B-4A4A-884C-2443B106A3AF}.Debug|x64.Build.0 = Debug|Any CPU
		{8A245C80-C34B-4A4A-884C-2443B106A3AF}.Debug|x86.ActiveCfg = Debug|Any CPU
		{8A245C80-C34B-4A4A-884C-2443B106A3AF}.Debug|x86.Build.0 = Debug|Any CPU
		{8A245C80-C34B-4A4A-884C-2443B106A3AF}.Release|Any CPU.ActiveCfg = Release|Any CPU
		{8A245C80-C34B-4A4A-884C-2443B106A3AF}.Release|Any CPU.Build.0 = Release|Any CPU
		{8A245C80-C34B-4A4A-884C-2443B106A3AF}.Release|ArrayFire.ActiveCfg = Release|Any CPU
		{8A245C80-C34B-4A4A-884C-2443B106A3AF}.Release|ArrayFire.Build.0 = Release|Any CPU
		{8A245C80-C34B-4A4A-884C-2443B106A3AF}.Release|x64.ActiveCfg = Release|Any CPU
		{8A245C80-C34B-4A4A-884C-2443B106A3AF}.Release|x64.Build.0 = Release|Any CPU
		{8A245C80-C34B-4A4A-884C-2443B106A3AF}.Release|x86.ActiveCfg = Release|Any CPU
		{8A245C80-C34B-4A4A-884C-2443B106A3AF}.Release|x86.Build.0 = Release|Any CPU
		{8A245C80-C34B-4A4A-884C-2443B106A3AF}.ReleaseCpuOnly|Any CPU.ActiveCfg = Release|Any CPU
		{8A245C80-C34B-4A4A-884C-2443B106A3AF}.ReleaseCpuOnly|Any CPU.Build.0 = Release|Any CPU
		{8A245C80-C34B-4A4A-884C-2443B106A3AF}.ReleaseCpuOnly|ArrayFire.ActiveCfg = Release|Any CPU
		{8A245C80-C34B-4A4A-884C-2443B106A3AF}.ReleaseCpuOnly|ArrayFire.Build.0 = Release|Any CPU
		{8A245C80-C34B-4A4A-884C-2443B106A3AF}.ReleaseCpuOnly|x64.ActiveCfg = Release|Any CPU
		{8A245C80-C34B-4A4A-884C-2443B106A3AF}.ReleaseCpuOnly|x64.Build.0 = Release|Any CPU
		{8A245C80-C34B-4A4A-884C-2443B106A3AF}.ReleaseCpuOnly|x86.ActiveCfg = Release|Any CPU
		{8A245C80-C34B-4A4A-884C-2443B106A3AF}.ReleaseCpuOnly|x86.Build.0 = Release|Any CPU
		{79D205EF-C023-4444-9137-BE8F3E7C83C0}.Debug|Any CPU.ActiveCfg = Debug|Any CPU
		{79D205EF-C023-4444-9137-BE8F3E7C83C0}.Debug|Any CPU.Build.0 = Debug|Any CPU
		{79D205EF-C023-4444-9137-BE8F3E7C83C0}.Debug|ArrayFire.ActiveCfg = Debug|Any CPU
		{79D205EF-C023-4444-9137-BE8F3E7C83C0}.Debug|ArrayFire.Build.0 = Debug|Any CPU
		{79D205EF-C023-4444-9137-BE8F3E7C83C0}.Debug|x64.ActiveCfg = Debug|Any CPU
		{79D205EF-C023-4444-9137-BE8F3E7C83C0}.Debug|x64.Build.0 = Debug|Any CPU
		{79D205EF-C023-4444-9137-BE8F3E7C83C0}.Debug|x86.ActiveCfg = Debug|Any CPU
		{79D205EF-C023-4444-9137-BE8F3E7C83C0}.Debug|x86.Build.0 = Debug|Any CPU
		{79D205EF-C023-4444-9137-BE8F3E7C83C0}.Release|Any CPU.ActiveCfg = Release|Any CPU
		{79D205EF-C023-4444-9137-BE8F3E7C83C0}.Release|Any CPU.Build.0 = Release|Any CPU
		{79D205EF-C023-4444-9137-BE8F3E7C83C0}.Release|ArrayFire.ActiveCfg = Release|Any CPU
		{79D205EF-C023-4444-9137-BE8F3E7C83C0}.Release|ArrayFire.Build.0 = Release|Any CPU
		{79D205EF-C023-4444-9137-BE8F3E7C83C0}.Release|x64.ActiveCfg = Release|Any CPU
		{79D205EF-C023-4444-9137-BE8F3E7C83C0}.Release|x64.Build.0 = Release|Any CPU
		{79D205EF-C023-4444-9137-BE8F3E7C83C0}.Release|x86.ActiveCfg = Release|Any CPU
		{79D205EF-C023-4444-9137-BE8F3E7C83C0}.Release|x86.Build.0 = Release|Any CPU
		{79D205EF-C023-4444-9137-BE8F3E7C83C0}.ReleaseCpuOnly|Any CPU.ActiveCfg = Release|Any CPU
		{79D205EF-C023-4444-9137-BE8F3E7C83C0}.ReleaseCpuOnly|Any CPU.Build.0 = Release|Any CPU
		{79D205EF-C023-4444-9137-BE8F3E7C83C0}.ReleaseCpuOnly|ArrayFire.ActiveCfg = Release|Any CPU
		{79D205EF-C023-4444-9137-BE8F3E7C83C0}.ReleaseCpuOnly|ArrayFire.Build.0 = Release|Any CPU
		{79D205EF-C023-4444-9137-BE8F3E7C83C0}.ReleaseCpuOnly|x64.ActiveCfg = Release|Any CPU
		{79D205EF-C023-4444-9137-BE8F3E7C83C0}.ReleaseCpuOnly|x64.Build.0 = Release|Any CPU
		{79D205EF-C023-4444-9137-BE8F3E7C83C0}.ReleaseCpuOnly|x86.ActiveCfg = Release|Any CPU
		{79D205EF-C023-4444-9137-BE8F3E7C83C0}.ReleaseCpuOnly|x86.Build.0 = Release|Any CPU
	EndGlobalSection
	GlobalSection(SolutionProperties) = preSolution
		HideSolutionNode = FALSE
	EndGlobalSection
	GlobalSection(NestedProjects) = preSolution
		{7ECF0701-1257-436E-A76B-01ACCF3B05AA} = {4C6F0825-E151-44F4-9BB5-01BCAF886663}
		{31409A5F-8E3A-4998-81D6-D078F44EB230} = {4C6F0825-E151-44F4-9BB5-01BCAF886663}
		{D1FEC946-FEC6-44FF-8087-5DA888344489} = {4C6F0825-E151-44F4-9BB5-01BCAF886663}
		{920E488B-9DDE-4AC0-863D-448645F9A15D} = {7613D158-F93E-4912-B3D7-1D5C9B924979}
		{D54D5F47-4596-49D0-8BB6-57567704E515} = {7613D158-F93E-4912-B3D7-1D5C9B924979}
		{D1577671-72F4-46BF-830E-B0E31342F5C9} = {7BE4048A-A308-48D3-B19E-C15ADA464BFB}
		{BEC834F0-A738-43E3-B289-0146A78E3181} = {7BE4048A-A308-48D3-B19E-C15ADA464BFB}
		{293500DF-085C-4F20-9758-1F51A8608CA6} = {7BE4048A-A308-48D3-B19E-C15ADA464BFB}
		{63F04A62-560D-4B12-B799-AE7FFBD85B81} = {7BE4048A-A308-48D3-B19E-C15ADA464BFB}
		{21F7AB9F-C32C-46BD-A21E-AA80B4EAFD05} = {4C6F0825-E151-44F4-9BB5-01BCAF886663}
		{8A245C80-C34B-4A4A-884C-2443B106A3AF} = {4C6F0825-E151-44F4-9BB5-01BCAF886663}
		{79D205EF-C023-4444-9137-BE8F3E7C83C0} = {4C6F0825-E151-44F4-9BB5-01BCAF886663}
	EndGlobalSection
	GlobalSection(ExtensibilityGlobals) = postSolution
		SolutionGuid = {30A9EF8F-A221-47A0-AED0-45C559175BAC}
	EndGlobalSection
EndGlobal
