
Microsoft Visual Studio Solution File, Format Version 12.00
# Visual Studio 15
VisualStudioVersion = 15.0.28010.2048
MinimumVisualStudioVersion = 10.0.40219.1
Project("{2150E333-8FDC-42A3-9474-1A3956D46DE8}") = "Samples", "Samples", "{B6D79745-13EC-4FA0-9703-09E0355DFD2B}"
EndProject
Project("{9A19103F-16F7-4668-BE54-9A1E7A4F7556}") = "Samples.GPU", "Samples\Samples.GPU\Samples.GPU.csproj", "{FB550171-03D4-4962-80ED-9CE9B306CE6C}"
EndProject
Project("{9A19103F-16F7-4668-BE54-9A1E7A4F7556}") = "Samples.CPUOnly", "Samples\Samples.CPUOnly\Samples.CPUOnly.csproj", "{BC5519C4-DBDF-4311-BFAF-168F99F2F4C4}"
EndProject
Project("{9A19103F-16F7-4668-BE54-9A1E7A4F7556}") = "SiaNet.Common", "SiaNet.Common\SiaNet.Common.csproj", "{D1395458-0F82-43B8-A4E2-EDB8C1776893}"
EndProject
Project("{9A19103F-16F7-4668-BE54-9A1E7A4F7556}") = "SiaNet", "SiaNet\SiaNet.csproj", "{97D37A54-05CC-4700-9B57-68BEF9817766}"
EndProject
Project("{9A19103F-16F7-4668-BE54-9A1E7A4F7556}") = "SiaNet.CPUOnly", "SiaNet.CPUOnly\SiaNet.CPUOnly.csproj", "{BF86764B-A324-47B2-A2F5-65067E1F170A}"
EndProject
Global
	GlobalSection(SolutionConfigurationPlatforms) = preSolution
		Debug|Any CPU = Debug|Any CPU
		Debug|x64 = Debug|x64
		Release|Any CPU = Release|Any CPU
		Release|x64 = Release|x64
	EndGlobalSection
	GlobalSection(ProjectConfigurationPlatforms) = postSolution
		{FB550171-03D4-4962-80ED-9CE9B306CE6C}.Debug|Any CPU.ActiveCfg = Debug|Any CPU
		{FB550171-03D4-4962-80ED-9CE9B306CE6C}.Debug|Any CPU.Build.0 = Debug|Any CPU
		{FB550171-03D4-4962-80ED-9CE9B306CE6C}.Debug|x64.ActiveCfg = Debug|x64
		{FB550171-03D4-4962-80ED-9CE9B306CE6C}.Debug|x64.Build.0 = Debug|x64
		{FB550171-03D4-4962-80ED-9CE9B306CE6C}.Release|Any CPU.ActiveCfg = Release|Any CPU
		{FB550171-03D4-4962-80ED-9CE9B306CE6C}.Release|Any CPU.Build.0 = Release|Any CPU
		{FB550171-03D4-4962-80ED-9CE9B306CE6C}.Release|x64.ActiveCfg = Release|x64
		{FB550171-03D4-4962-80ED-9CE9B306CE6C}.Release|x64.Build.0 = Release|x64
		{BC5519C4-DBDF-4311-BFAF-168F99F2F4C4}.Debug|Any CPU.ActiveCfg = Debug|Any CPU
		{BC5519C4-DBDF-4311-BFAF-168F99F2F4C4}.Debug|Any CPU.Build.0 = Debug|Any CPU
		{BC5519C4-DBDF-4311-BFAF-168F99F2F4C4}.Debug|x64.ActiveCfg = Debug|x64
		{BC5519C4-DBDF-4311-BFAF-168F99F2F4C4}.Debug|x64.Build.0 = Debug|x64
		{BC5519C4-DBDF-4311-BFAF-168F99F2F4C4}.Release|Any CPU.ActiveCfg = Release|Any CPU
		{BC5519C4-DBDF-4311-BFAF-168F99F2F4C4}.Release|Any CPU.Build.0 = Release|Any CPU
		{BC5519C4-DBDF-4311-BFAF-168F99F2F4C4}.Release|x64.ActiveCfg = Release|x64
		{BC5519C4-DBDF-4311-BFAF-168F99F2F4C4}.Release|x64.Build.0 = Release|x64
		{D1395458-0F82-43B8-A4E2-EDB8C1776893}.Debug|Any CPU.ActiveCfg = Debug|Any CPU
		{D1395458-0F82-43B8-A4E2-EDB8C1776893}.Debug|Any CPU.Build.0 = Debug|Any CPU
		{D1395458-0F82-43B8-A4E2-EDB8C1776893}.Debug|x64.ActiveCfg = Debug|x64
		{D1395458-0F82-43B8-A4E2-EDB8C1776893}.Debug|x64.Build.0 = Debug|x64
		{D1395458-0F82-43B8-A4E2-EDB8C1776893}.Release|Any CPU.ActiveCfg = Release|Any CPU
		{D1395458-0F82-43B8-A4E2-EDB8C1776893}.Release|Any CPU.Build.0 = Release|Any CPU
		{D1395458-0F82-43B8-A4E2-EDB8C1776893}.Release|x64.ActiveCfg = Release|x64
		{D1395458-0F82-43B8-A4E2-EDB8C1776893}.Release|x64.Build.0 = Release|x64
		{97D37A54-05CC-4700-9B57-68BEF9817766}.Debug|Any CPU.ActiveCfg = Debug|Any CPU
		{97D37A54-05CC-4700-9B57-68BEF9817766}.Debug|Any CPU.Build.0 = Debug|Any CPU
		{97D37A54-05CC-4700-9B57-68BEF9817766}.Debug|x64.ActiveCfg = Debug|x64
		{97D37A54-05CC-4700-9B57-68BEF9817766}.Debug|x64.Build.0 = Debug|x64
		{97D37A54-05CC-4700-9B57-68BEF9817766}.Release|Any CPU.ActiveCfg = Release|Any CPU
		{97D37A54-05CC-4700-9B57-68BEF9817766}.Release|Any CPU.Build.0 = Release|Any CPU
		{97D37A54-05CC-4700-9B57-68BEF9817766}.Release|x64.ActiveCfg = Release|x64
		{97D37A54-05CC-4700-9B57-68BEF9817766}.Release|x64.Build.0 = Release|x64
		{BF86764B-A324-47B2-A2F5-65067E1F170A}.Debug|Any CPU.ActiveCfg = Debug|Any CPU
		{BF86764B-A324-47B2-A2F5-65067E1F170A}.Debug|Any CPU.Build.0 = Debug|Any CPU
		{BF86764B-A324-47B2-A2F5-65067E1F170A}.Debug|x64.ActiveCfg = Debug|x64
		{BF86764B-A324-47B2-A2F5-65067E1F170A}.Debug|x64.Build.0 = Debug|x64
		{BF86764B-A324-47B2-A2F5-65067E1F170A}.Release|Any CPU.ActiveCfg = Release|Any CPU
		{BF86764B-A324-47B2-A2F5-65067E1F170A}.Release|Any CPU.Build.0 = Release|Any CPU
		{BF86764B-A324-47B2-A2F5-65067E1F170A}.Release|x64.ActiveCfg = Release|x64
		{BF86764B-A324-47B2-A2F5-65067E1F170A}.Release|x64.Build.0 = Release|x64
	EndGlobalSection
	GlobalSection(SolutionProperties) = preSolution
		HideSolutionNode = FALSE
	EndGlobalSection
	GlobalSection(NestedProjects) = preSolution
		{FB550171-03D4-4962-80ED-9CE9B306CE6C} = {B6D79745-13EC-4FA0-9703-09E0355DFD2B}
		{BC5519C4-DBDF-4311-BFAF-168F99F2F4C4} = {B6D79745-13EC-4FA0-9703-09E0355DFD2B}
	EndGlobalSection
	GlobalSection(ExtensibilityGlobals) = postSolution
		SolutionGuid = {98B7D939-EEC3-4FA8-9A1C-7DD5C6556ADA}
	EndGlobalSection
EndGlobal
